
Microsoft Visual Studio Solution File, Format Version 12.00
# Visual Studio Version 17
VisualStudioVersion = 17.0.31903.59
MinimumVisualStudioVersion = 10.0.40219.1
Project("{FAE04EC0-301F-11D3-BF4B-00C04F79EFBC}") = "TodoTakehome.Api", "backend\TodoTakehome.Api\TodoTakehome.Api.csproj", "{9691B25A-2FDB-4A84-B84E-E7C3B5558B74}"
EndProject
Project("{FAE04EC0-301F-11D3-BF4B-00C04F79EFBC}") = "TodoTakehome.Tests", "backend\TodoTakehome.Tests\TodoTakehome.Tests.csproj", "{BAD17E86-0B04-4CFE-BAF7-1DBD9C3D6BC9}"
EndProject
Global
	GlobalSection(SolutionConfigurationPlatforms) = preSolution
		Debug|Any CPU = Debug|Any CPU
		Debug|x64 = Debug|x64
		Debug|x86 = Debug|x86
		Release|Any CPU = Release|Any CPU
		Release|x64 = Release|x64
		Release|x86 = Release|x86
	EndGlobalSection
	GlobalSection(ProjectConfigurationPlatforms) = postSolution
		{9691B25A-2FDB-4A84-B84E-E7C3B5558B74}.Debug|Any CPU.ActiveCfg = Debug|Any CPU
		{9691B25A-2FDB-4A84-B84E-E7C3B5558B74}.Debug|Any CPU.Build.0 = Debug|Any CPU
		{9691B25A-2FDB-4A84-B84E-E7C3B5558B74}.Debug|x64.ActiveCfg = Debug|Any CPU
		{9691B25A-2FDB-4A84-B84E-E7C3B5558B74}.Debug|x64.Build.0 = Debug|Any CPU
		{9691B25A-2FDB-4A84-B84E-E7C3B5558B74}.Debug|x86.ActiveCfg = Debug|Any CPU
		{9691B25A-2FDB-4A84-B84E-E7C3B5558B74}.Debug|x86.Build.0 = Debug|Any CPU
		{9691B25A-2FDB-4A84-B84E-E7C3B5558B74}.Release|Any CPU.ActiveCfg = Release|Any CPU
		{9691B25A-2FDB-4A84-B84E-E7C3B5558B74}.Release|Any CPU.Build.0 = Release|Any CPU
		{9691B25A-2FDB-4A84-B84E-E7C3B5558B74}.Release|x64.ActiveCfg = Release|Any CPU
		{9691B25A-2FDB-4A84-B84E-E7C3B5558B74}.Release|x64.Build.0 = Release|Any CPU
		{9691B25A-2FDB-4A84-B84E-E7C3B5558B74}.Release|x86.ActiveCfg = Release|Any CPU
		{9691B25A-2FDB-4A84-B84E-E7C3B5558B74}.Release|x86.Build.0 = Release|Any CPU
		{BAD17E86-0B04-4CFE-BAF7-1DBD9C3D6BC9}.Debug|Any CPU.ActiveCfg = Debug|Any CPU
		{BAD17E86-0B04-4CFE-BAF7-1DBD9C3D6BC9}.Debug|Any CPU.Build.0 = Debug|Any CPU
		{BAD17E86-0B04-4CFE-BAF7-1DBD9C3D6BC9}.Debug|x64.ActiveCfg = Debug|Any CPU
		{BAD17E86-0B04-4CFE-BAF7-1DBD9C3D6BC9}.Debug|x64.Build.0 = Debug|Any CPU
		{BAD17E86-0B04-4CFE-BAF7-1DBD9C3D6BC9}.Debug|x86.ActiveCfg = Debug|Any CPU
		{BAD17E86-0B04-4CFE-BAF7-1DBD9C3D6BC9}.Debug|x86.Build.0 = Debug|Any CPU
		{BAD17E86-0B04-4CFE-BAF7-1DBD9C3D6BC9}.Release|Any CPU.ActiveCfg = Release|Any CPU
		{BAD17E86-0B04-4CFE-BAF7-1DBD9C3D6BC9}.Release|Any CPU.Build.0 = Release|Any CPU
		{BAD17E86-0B04-4CFE-BAF7-1DBD9C3D6BC9}.Release|x64.ActiveCfg = Release|Any CPU
		{BAD17E86-0B04-4CFE-BAF7-1DBD9C3D6BC9}.Release|x64.Build.0 = Release|Any CPU
		{BAD17E86-0B04-4CFE-BAF7-1DBD9C3D6BC9}.Release|x86.ActiveCfg = Release|Any CPU
		{BAD17E86-0B04-4CFE-BAF7-1DBD9C3D6BC9}.Release|x86.Build.0 = Release|Any CPU
	EndGlobalSection
	GlobalSection(SolutionProperties) = preSolution
		HideSolutionNode = FALSE
	EndGlobalSection
EndGlobal
